
Microsoft Visual Studio Solution File, Format Version 12.00
# Visual Studio Version 16
VisualStudioVersion = 16.0.30711.63
MinimumVisualStudioVersion = 10.0.40219.1
Project("{FAE04EC0-301F-11D3-BF4B-00C04F79EFBC}") = "EntityFramworkExtentions", "EntityFramworkExtentions\EntityFramworkExtentions.csproj", "{F195C173-275B-4401-AD77-1F916DD90DCE}"
EndProject
Global
	GlobalSection(SolutionConfigurationPlatforms) = preSolution
		Debug|Any CPU = Debug|Any CPU
		Release|Any CPU = Release|Any CPU
	EndGlobalSection
	GlobalSection(ProjectConfigurationPlatforms) = postSolution
		{F195C173-275B-4401-AD77-1F916DD90DCE}.Debug|Any CPU.ActiveCfg = Debug|Any CPU
		{F195C173-275B-4401-AD77-1F916DD90DCE}.Debug|Any CPU.Build.0 = Debug|Any CPU
		{F195C173-275B-4401-AD77-1F916DD90DCE}.Release|Any CPU.ActiveCfg = Release|Any CPU
		{F195C173-275B-4401-AD77-1F916DD90DCE}.Release|Any CPU.Build.0 = Release|Any CPU
	EndGlobalSection
	GlobalSection(SolutionProperties) = preSolution
		HideSolutionNode = FALSE
	EndGlobalSection
	GlobalSection(ExtensibilityGlobals) = postSolution
		SolutionGuid = {FC0A67AB-90CC-40D2-836F-26DB529A7F97}
	EndGlobalSection
EndGlobal
